{
  "name": "@mcmics/dist-exiftool",
  "version": "12.16.0",
  "lockfileVersion": 1,
  "requires": true,
  "dependencies": {
    "@mcmics/exiftool.exe": {
      "version": "12.16.0",
      "resolved": "https://registry.npmjs.org/@mcmics/exiftool.exe/-/exiftool.exe-12.16.0.tgz",
      "integrity": "sha512-FrRIP5i0SYbTHgyZd5TZ5X83TPITrAchh34nadZ3LLDy7Xgn/RY2YaLi3iZP/EiK49gRVrjBUbYKB5sxsuneSw==",
      "optional": true
    },
    "@mcmics/exiftool.pl": {
      "version": "12.16.0",
      "resolved": "https://registry.npmjs.org/@mcmics/exiftool.pl/-/exiftool.pl-12.16.0.tgz",
      "integrity": "sha512-mYe3MXB5sbJAmpfzwa03HcwsWGCdi2VuaytPrSioN2Buf1Ke5Ch4dz6/d2huwMTkUjPjwF99ohhWLwNdTbhbIg==",
      "optional": true
    },
    "@zoroaster/assert": {
      "version": "1.1.1",
      "resolved": "https://registry.npmjs.org/@zoroaster/assert/-/assert-1.1.1.tgz",
      "integrity": "sha512-dJm0gWcKvTyxS5a7YZ8ANycgdMtlcBszoJl/SqPqHh4pDJp7VF6CW6qElXioR9fyWgY4b/q55kxrHqzt54ArZg==",
      "dev": true
    },
    "@zoroaster/mask": {
      "version": "2.7.2",
      "resolved": "https://registry.npmjs.org/@zoroaster/mask/-/mask-2.7.2.tgz",
      "integrity": "sha512-HSeyWS24aQ/MPQtRQx3X+aS1BXSmLjKK3V2+CdHt3d9S5rKHlYfKoOn1fwphngd5PH7qBxpKIkzDzFaUZuUvlw==",
      "dev": true
    },
    "alamode": {
      "version": "3.7.1",
      "resolved": "https://registry.npmjs.org/alamode/-/alamode-3.7.1.tgz",
      "integrity": "sha512-Vy2w3qhjyDqwiy1sX0NzVgw7tc3vy/OAoBfV88EaS7PzI4Qo/uwpnhWmWBw38su3LdkBUJV2imRmJLScizf48A==",
      "dev": true
    },
    "cross-env": {
      "version": "7.0.3",
      "resolved": "https://registry.npmjs.org/cross-env/-/cross-env-7.0.3.tgz",
      "integrity": "sha512-+/HKd6EgcQCJGh2PSjZuUitQBQynKor4wrFbRg4DtAgS1aWO+gU52xpH7M9ScGgXSYmAVS9bIJ8EzuaGw0oNAw==",
      "dev": true,
      "requires": {
        "cross-spawn": "^7.0.1"
      }
    },
    "cross-spawn": {
      "version": "7.0.3",
      "resolved": "https://registry.npmjs.org/cross-spawn/-/cross-spawn-7.0.3.tgz",
      "integrity": "sha512-iRDPJKUPVEND7dHPO8rkbOnPpyDygcDFtWjpeWNCgy8WP2rXcxXL8TskReQl6OrB2G7+UJrags1q15Fudc7G6w==",
      "dev": true,
      "requires": {
        "path-key": "^3.1.0",
        "shebang-command": "^2.0.0",
        "which": "^2.0.1"
      }
    },
    "isexe": {
      "version": "2.0.0",
      "resolved": "https://registry.npmjs.org/isexe/-/isexe-2.0.0.tgz",
      "integrity": "sha1-6PvzdNxVb/iUehDcsFctYz8s+hA=",
      "dev": true
    },
    "path-key": {
      "version": "3.1.1",
      "resolved": "https://registry.npmjs.org/path-key/-/path-key-3.1.1.tgz",
      "integrity": "sha512-ojmeN0qd+y0jszEtoY48r0Peq5dwMEkIlCOu6Q5f41lfkswXuKtYrhgoTpLnyIcHm24Uhqx+5Tqm2InSwLhE6Q==",
      "dev": true
    },
    "platform-dependent-modules": {
      "version": "0.0.14",
      "resolved": "https://registry.npmjs.org/platform-dependent-modules/-/platform-dependent-modules-0.0.14.tgz",
      "integrity": "sha1-PFPQQV2BziLc/eFWZdDP1UHUFhc="
    },
    "shebang-command": {
      "version": "2.0.0",
      "resolved": "https://registry.npmjs.org/shebang-command/-/shebang-command-2.0.0.tgz",
      "integrity": "sha512-kHxr2zZpYtdmrN1qDjrrX/Z1rR1kG8Dx+gkpK1G4eXmvXswmcE1hTWBWYUzlraYw1/yZp6YuDY77YtvbN0dmDA==",
      "dev": true,
      "requires": {
        "shebang-regex": "^3.0.0"
      }
    },
    "shebang-regex": {
      "version": "3.0.0",
      "resolved": "https://registry.npmjs.org/shebang-regex/-/shebang-regex-3.0.0.tgz",
      "integrity": "sha512-7++dFhtcx3353uBaq8DDR4NuxBetBzC7ZQOhmTQInHEd6bSrXdiEyzCvG07Z44UYdLShWUyXt5M/yhz8ekcb1A==",
      "dev": true
    },
    "which": {
      "version": "2.0.2",
      "resolved": "https://registry.npmjs.org/which/-/which-2.0.2.tgz",
      "integrity": "sha512-BLI3Tl1TW3Pvl70l3yq3Y64i+awpwXqsGBYWkkqMtnbXgrMD+yj7rhW0kuEDxzJaYXGjEW5ogapKNMEKNMjibA==",
      "dev": true,
      "requires": {
        "isexe": "^2.0.0"
      }
    },
    "zoroaster": {
      "version": "4.4.0",
      "resolved": "https://registry.npmjs.org/zoroaster/-/zoroaster-4.4.0.tgz",
      "integrity": "sha512-OrJrbaG2e8zoptRyeY6igrTte20Dg0YbJiy9IrnvxmB7F6PMHvKiFdNm5F+KH/WFkAscV+kJluQFyY8gn4tgUw==",
      "dev": true,
      "requires": {
        "@zoroaster/assert": "^1.1.1",
        "@zoroaster/mask": "^2.7.1",
        "alamode": "^3.7.1"
      }
    }
  }
}
